
Microsoft Visual Studio Solution File, Format Version 12.00
# Visual Studio Version 17
VisualStudioVersion = 17.11.35327.3
MinimumVisualStudioVersion = 10.0.40219.1
Project("{8BC9CEB8-8B4A-11D0-8D11-00A0C91BC942}") = "ConsoleApplication1", "ConsoleApplication1\ConsoleApplication1.vcxproj", "{62180757-81D0-4EBA-93A9-5F27772131AB}"
EndProject
Global
	GlobalSection(SolutionConfigurationPlatforms) = preSolution
		Debug|x64 = Debug|x64
		Debug|x86 = Debug|x86
		Release|x64 = Release|x64
		Release|x86 = Release|x86
	EndGlobalSection
	GlobalSection(ProjectConfigurationPlatforms) = postSolution
		{62180757-81D0-4EBA-93A9-5F27772131AB}.Debug|x64.ActiveCfg = Debug|x64
		{62180757-81D0-4EBA-93A9-5F27772131AB}.Debug|x64.Build.0 = Debug|x64
		{62180757-81D0-4EBA-93A9-5F27772131AB}.Debug|x86.ActiveCfg = Debug|Win32
		{62180757-81D0-4EBA-93A9-5F27772131AB}.Debug|x86.Build.0 = Debug|Win32
		{62180757-81D0-4EBA-93A9-5F27772131AB}.Release|x64.ActiveCfg = Release|x64
		{62180757-81D0-4EBA-93A9-5F27772131AB}.Release|x64.Build.0 = Release|x64
		{62180757-81D0-4EBA-93A9-5F27772131AB}.Release|x86.ActiveCfg = Release|Win32
		{62180757-81D0-4EBA-93A9-5F27772131AB}.Release|x86.Build.0 = Release|Win32
	EndGlobalSection
	GlobalSection(SolutionProperties) = preSolution
		HideSolutionNode = FALSE
	EndGlobalSection
	GlobalSection(ExtensibilityGlobals) = postSolution
		SolutionGuid = {1035F483-8A64-4CC2-8957-658326953C81}
	EndGlobalSection
EndGlobal
